// !$*UTF8*$!
{
	archiveVersion = 1;
	classes = {
	};
	objectVersion = 56;
	objects = {

/* Begin PBXBuildFile section */
		84952FCE2B18B1F80041241D /* MyApp.swift in Sources */ = {isa = PBXBuildFile; fileRef = 84952FCD2B18B1F80041241D /* MyApp.swift */; };
		84952FD02B18B1F80041241D /* ContentView.swift in Sources */ = {isa = PBXBuildFile; fileRef = 84952FCF2B18B1F80041241D /* ContentView.swift */; };
		84952FD22B18B1F90041241D /* Assets.xcassets in Resources */ = {isa = PBXBuildFile; fileRef = 84952FD12B18B1F90041241D /* Assets.xcassets */; };
		84952FD62B18B1F90041241D /* Preview Assets.xcassets in Resources */ = {isa = PBXBuildFile; fileRef = 84952FD52B18B1F90041241D /* Preview Assets.xcassets */; };
		84952FE02B18B1F90041241D /* ExampleTests.swift in Sources */ = {isa = PBXBuildFile; fileRef = 84952FDF2B18B1F90041241D /* ExampleTests.swift */; };
		84952FEA2B18B1F90041241D /* ExampleUITests.swift in Sources */ = {isa = PBXBuildFile; fileRef = 84952FE92B18B1F90041241D /* ExampleUITests.swift */; };
		84952FEC2B18B1F90041241D /* LaunchTests.swift in Sources */ = {isa = PBXBuildFile; fileRef = 84952FEB2B18B1F90041241D /* LaunchTests.swift */; };
/* End PBXBuildFile section */

/* Begin PBXContainerItemProxy section */
		84952FDC2B18B1F90041241D /* PBXContainerItemProxy */ = {
			isa = PBXContainerItemProxy;
			containerPortal = 84952FC22B18B1F80041241D /* Project object */;
			proxyType = 1;
			remoteGlobalIDString = 84952FC92B18B1F80041241D;
			remoteInfo = REPLACE_ME;
		};
		84952FE62B18B1F90041241D /* PBXContainerItemProxy */ = {
			isa = PBXContainerItemProxy;
			containerPortal = 84952FC22B18B1F80041241D /* Project object */;
			proxyType = 1;
			remoteGlobalIDString = 84952FC92B18B1F80041241D;
			remoteInfo = REPLACE_ME;
		};
/* End PBXContainerItemProxy section */

/* Begin PBXFileReference section */
		84952FCA2B18B1F80041241D /* App.app */ = {isa = PBXFileReference; explicitFileType = wrapper.application; includeInIndex = 0; path = App.app; sourceTree = BUILT_PRODUCTS_DIR; };
		84952FCD2B18B1F80041241D /* MyApp.swift */ = {isa = PBXFileReference; lastKnownFileType = sourcecode.swift; path = MyApp.swift; sourceTree = "<group>"; };
		84952FCF2B18B1F80041241D /* ContentView.swift */ = {isa = PBXFileReference; lastKnownFileType = sourcecode.swift; path = ContentView.swift; sourceTree = "<group>"; };
		84952FD12B18B1F90041241D /* Assets.xcassets */ = {isa = PBXFileReference; lastKnownFileType = folder.assetcatalog; path = Assets.xcassets; sourceTree = "<group>"; };
		84952FD32B18B1F90041241D /* App.entitlements */ = {isa = PBXFileReference; lastKnownFileType = text.plist.entitlements; path = App.entitlements; sourceTree = "<group>"; };
		84952FD52B18B1F90041241D /* Preview Assets.xcassets */ = {isa = PBXFileReference; lastKnownFileType = folder.assetcatalog; path = "Preview Assets.xcassets"; sourceTree = "<group>"; };
		84952FDB2B18B1F90041241D /* AppTests.xctest */ = {isa = PBXFileReference; explicitFileType = wrapper.cfbundle; includeInIndex = 0; path = AppTests.xctest; sourceTree = BUILT_PRODUCTS_DIR; };
		84952FDF2B18B1F90041241D /* ExampleTests.swift */ = {isa = PBXFileReference; lastKnownFileType = sourcecode.swift; path = ExampleTests.swift; sourceTree = "<group>"; };
		84952FE52B18B1F90041241D /* AppUITests.xctest */ = {isa = PBXFileReference; explicitFileType = wrapper.cfbundle; includeInIndex = 0; path = AppUITests.xctest; sourceTree = BUILT_PRODUCTS_DIR; };
		84952FE92B18B1F90041241D /* ExampleUITests.swift */ = {isa = PBXFileReference; lastKnownFileType = sourcecode.swift; path = ExampleUITests.swift; sourceTree = "<group>"; };
		84952FEB2B18B1F90041241D /* LaunchTests.swift */ = {isa = PBXFileReference; lastKnownFileType = sourcecode.swift; path = LaunchTests.swift; sourceTree = "<group>"; };
		84DFA0D52B5E81FE0045AC94 /* AppTests.xctestplan */ = {isa = PBXFileReference; lastKnownFileType = text; path = AppTests.xctestplan; sourceTree = "<group>"; };
		84DFA0D82B5E82500045AC94 /* AppUITests.xctestplan */ = {isa = PBXFileReference; lastKnownFileType = text; path = AppUITests.xctestplan; sourceTree = "<group>"; };
/* End PBXFileReference section */

/* Begin PBXFrameworksBuildPhase section */
		84952FC72B18B1F80041241D /* Frameworks */ = {
			isa = PBXFrameworksBuildPhase;
			buildActionMask = 2147483647;
			files = (
			);
			runOnlyForDeploymentPostprocessing = 0;
		};
		84952FD82B18B1F90041241D /* Frameworks */ = {
			isa = PBXFrameworksBuildPhase;
			buildActionMask = 2147483647;
			files = (
			);
			runOnlyForDeploymentPostprocessing = 0;
		};
		84952FE22B18B1F90041241D /* Frameworks */ = {
			isa = PBXFrameworksBuildPhase;
			buildActionMask = 2147483647;
			files = (
			);
			runOnlyForDeploymentPostprocessing = 0;
		};
/* End PBXFrameworksBuildPhase section */

/* Begin PBXGroup section */
		84952FC12B18B1F80041241D = {
			isa = PBXGroup;
			children = (
				84952FCC2B18B1F80041241D /* App */,
				84952FDE2B18B1F90041241D /* AppTests */,
				84952FE82B18B1F90041241D /* AppUITests */,
				84952FCB2B18B1F80041241D /* Products */,
			);
			sourceTree = "<group>";
		};
		84952FCB2B18B1F80041241D /* Products */ = {
			isa = PBXGroup;
			children = (
				84952FCA2B18B1F80041241D /* App.app */,
				84952FDB2B18B1F90041241D /* AppTests.xctest */,
				84952FE52B18B1F90041241D /* AppUITests.xctest */,
			);
			name = Products;
			sourceTree = "<group>";
		};
		84952FCC2B18B1F80041241D /* App */ = {
			isa = PBXGroup;
			children = (
				84952FCD2B18B1F80041241D /* MyApp.swift */,
				84952FCF2B18B1F80041241D /* ContentView.swift */,
				84952FD42B18B1F90041241D /* Preview Content */,
				84BB6F122B1B213D00BC638D /* Supporting Files */,
			);
			path = App;
			sourceTree = "<group>";
		};
		84952FD42B18B1F90041241D /* Preview Content */ = {
			isa = PBXGroup;
			children = (
				84952FD52B18B1F90041241D /* Preview Assets.xcassets */,
			);
			path = "Preview Content";
			sourceTree = "<group>";
		};
		84952FDE2B18B1F90041241D /* AppTests */ = {
			isa = PBXGroup;
			children = (
				84952FDF2B18B1F90041241D /* ExampleTests.swift */,
				84DFA0D72B5E82200045AC94 /* Supporting Files */,
			);
			path = AppTests;
			sourceTree = "<group>";
		};
		84952FE82B18B1F90041241D /* AppUITests */ = {
			isa = PBXGroup;
			children = (
				84952FE92B18B1F90041241D /* ExampleUITests.swift */,
				84952FEB2B18B1F90041241D /* LaunchTests.swift */,
				84DFA0D92B5E82570045AC94 /* Supporting Files */,
			);
			path = AppUITests;
			sourceTree = "<group>";
		};
		84BB6F122B1B213D00BC638D /* Supporting Files */ = {
			isa = PBXGroup;
			children = (
				84952FD12B18B1F90041241D /* Assets.xcassets */,
				84952FD32B18B1F90041241D /* App.entitlements */,
			);
			name = "Supporting Files";
			sourceTree = "<group>";
		};
		84DFA0D72B5E82200045AC94 /* Supporting Files */ = {
			isa = PBXGroup;
			children = (
				84DFA0D52B5E81FE0045AC94 /* AppTests.xctestplan */,
			);
			name = "Supporting Files";
			sourceTree = "<group>";
		};
		84DFA0D92B5E82570045AC94 /* Supporting Files */ = {
			isa = PBXGroup;
			children = (
				84DFA0D82B5E82500045AC94 /* AppUITests.xctestplan */,
			);
			name = "Supporting Files";
			sourceTree = "<group>";
		};
/* End PBXGroup section */

/* Begin PBXNativeTarget section */
		84952FC92B18B1F80041241D /* App */ = {
			isa = PBXNativeTarget;
			buildConfigurationList = 84952FEF2B18B1F90041241D /* Build configuration list for PBXNativeTarget "App" */;
			buildPhases = (
				84952FC62B18B1F80041241D /* Sources */,
				84952FC72B18B1F80041241D /* Frameworks */,
				84952FC82B18B1F80041241D /* Resources */,
			);
			buildRules = (
			);
			dependencies = (
				84A7B7922C9F2F3100E54AE4 /* PBXTargetDependency */,
			);
			name = App;
			packageProductDependencies = (
			);
			productName = REPLACE_ME;
			productReference = 84952FCA2B18B1F80041241D /* App.app */;
			productType = "com.apple.product-type.application";
		};
		84952FDA2B18B1F90041241D /* AppTests */ = {
			isa = PBXNativeTarget;
			buildConfigurationList = 84952FF22B18B1F90041241D /* Build configuration list for PBXNativeTarget "AppTests" */;
			buildPhases = (
				84952FD72B18B1F90041241D /* Sources */,
				84952FD82B18B1F90041241D /* Frameworks */,
				84952FD92B18B1F90041241D /* Resources */,
			);
			buildRules = (
			);
			dependencies = (
				84CB581F2D2C16E400F5FA00 /* PBXTargetDependency */,
				84952FDD2B18B1F90041241D /* PBXTargetDependency */,
			);
			name = AppTests;
			productName = REPLACE_METests;
			productReference = 84952FDB2B18B1F90041241D /* AppTests.xctest */;
			productType = "com.apple.product-type.bundle.unit-test";
		};
		84952FE42B18B1F90041241D /* AppUITests */ = {
			isa = PBXNativeTarget;
			buildConfigurationList = 84952FF52B18B1F90041241D /* Build configuration list for PBXNativeTarget "AppUITests" */;
			buildPhases = (
				84952FE12B18B1F90041241D /* Sources */,
				84952FE22B18B1F90041241D /* Frameworks */,
				84952FE32B18B1F90041241D /* Resources */,
			);
			buildRules = (
			);
			dependencies = (
				84CB58212D2C16EC00F5FA00 /* PBXTargetDependency */,
				84952FE72B18B1F90041241D /* PBXTargetDependency */,
			);
			name = AppUITests;
			productName = REPLACE_MEUITests;
			productReference = 84952FE52B18B1F90041241D /* AppUITests.xctest */;
			productType = "com.apple.product-type.bundle.ui-testing";
		};
/* End PBXNativeTarget section */

/* Begin PBXProject section */
		84952FC22B18B1F80041241D /* Project object */ = {
			isa = PBXProject;
			attributes = {
				BuildIndependentTargetsInParallel = 1;
				LastSwiftUpdateCheck = 1500;
				LastUpgradeCheck = 1620;
				TargetAttributes = {
					84952FC92B18B1F80041241D = {
						CreatedOnToolsVersion = 15.0.1;
					};
					84952FDA2B18B1F90041241D = {
						CreatedOnToolsVersion = 15.0.1;
						TestTargetID = 84952FC92B18B1F80041241D;
					};
					84952FE42B18B1F90041241D = {
						CreatedOnToolsVersion = 15.0.1;
						TestTargetID = 84952FC92B18B1F80041241D;
					};
				};
			};
			buildConfigurationList = 84952FC52B18B1F80041241D /* Build configuration list for PBXProject "App" */;
			compatibilityVersion = "Xcode 14.0";
			developmentRegion = en;
			hasScannedForEncodings = 0;
			knownRegions = (
				en,
				Base,
			);
			mainGroup = 84952FC12B18B1F80041241D;
			packageReferences = (
				84D214EA2B1DF3350041A14E /* XCRemoteSwiftPackageReference "swift-format-plugin" */,
			);
			productRefGroup = 84952FCB2B18B1F80041241D /* Products */;
			projectDirPath = "";
			projectRoot = "";
			targets = (
				84952FC92B18B1F80041241D /* App */,
				84952FDA2B18B1F90041241D /* AppTests */,
				84952FE42B18B1F90041241D /* AppUITests */,
			);
		};
/* End PBXProject section */

/* Begin PBXResourcesBuildPhase section */
		84952FC82B18B1F80041241D /* Resources */ = {
			isa = PBXResourcesBuildPhase;
			buildActionMask = 2147483647;
			files = (
				84952FD62B18B1F90041241D /* Preview Assets.xcassets in Resources */,
				84952FD22B18B1F90041241D /* Assets.xcassets in Resources */,
			);
			runOnlyForDeploymentPostprocessing = 0;
		};
		84952FD92B18B1F90041241D /* Resources */ = {
			isa = PBXResourcesBuildPhase;
			buildActionMask = 2147483647;
			files = (
			);
			runOnlyForDeploymentPostprocessing = 0;
		};
		84952FE32B18B1F90041241D /* Resources */ = {
			isa = PBXResourcesBuildPhase;
			buildActionMask = 2147483647;
			files = (
			);
			runOnlyForDeploymentPostprocessing = 0;
		};
/* End PBXResourcesBuildPhase section */

/* Begin PBXSourcesBuildPhase section */
		84952FC62B18B1F80041241D /* Sources */ = {
			isa = PBXSourcesBuildPhase;
			buildActionMask = 2147483647;
			files = (
				84952FD02B18B1F80041241D /* ContentView.swift in Sources */,
				84952FCE2B18B1F80041241D /* MyApp.swift in Sources */,
			);
			runOnlyForDeploymentPostprocessing = 0;
		};
		84952FD72B18B1F90041241D /* Sources */ = {
			isa = PBXSourcesBuildPhase;
			buildActionMask = 2147483647;
			files = (
				84952FE02B18B1F90041241D /* ExampleTests.swift in Sources */,
			);
			runOnlyForDeploymentPostprocessing = 0;
		};
		84952FE12B18B1F90041241D /* Sources */ = {
			isa = PBXSourcesBuildPhase;
			buildActionMask = 2147483647;
			files = (
				84952FEC2B18B1F90041241D /* LaunchTests.swift in Sources */,
				84952FEA2B18B1F90041241D /* ExampleUITests.swift in Sources */,
			);
			runOnlyForDeploymentPostprocessing = 0;
		};
/* End PBXSourcesBuildPhase section */

/* Begin PBXTargetDependency section */
		84952FDD2B18B1F90041241D /* PBXTargetDependency */ = {
			isa = PBXTargetDependency;
			target = 84952FC92B18B1F80041241D /* App */;
			targetProxy = 84952FDC2B18B1F90041241D /* PBXContainerItemProxy */;
		};
		84952FE72B18B1F90041241D /* PBXTargetDependency */ = {
			isa = PBXTargetDependency;
			target = 84952FC92B18B1F80041241D /* App */;
			targetProxy = 84952FE62B18B1F90041241D /* PBXContainerItemProxy */;
		};
		84A7B7922C9F2F3100E54AE4 /* PBXTargetDependency */ = {
			isa = PBXTargetDependency;
			productRef = 84A7B7912C9F2F3100E54AE4 /* LintBuildPlugin */;
		};
		84CB581F2D2C16E400F5FA00 /* PBXTargetDependency */ = {
			isa = PBXTargetDependency;
			productRef = 84CB581E2D2C16E400F5FA00 /* LintBuildPlugin */;
		};
		84CB58212D2C16EC00F5FA00 /* PBXTargetDependency */ = {
			isa = PBXTargetDependency;
			productRef = 84CB58202D2C16EC00F5FA00 /* LintBuildPlugin */;
		};
/* End PBXTargetDependency section */

/* Begin XCBuildConfiguration section */
		84952FED2B18B1F90041241D /* Debug */ = {
			isa = XCBuildConfiguration;
			buildSettings = {
				ALWAYS_SEARCH_USER_PATHS = NO;
				ASSETCATALOG_COMPILER_GENERATE_SWIFT_ASSET_SYMBOL_EXTENSIONS = YES;
				CLANG_ANALYZER_NONNULL = YES;
				CLANG_ANALYZER_NUMBER_OBJECT_CONVERSION = YES_AGGRESSIVE;
				CLANG_CXX_LANGUAGE_STANDARD = "gnu++20";
				CLANG_ENABLE_MODULES = YES;
				CLANG_ENABLE_OBJC_ARC = YES;
				CLANG_ENABLE_OBJC_WEAK = YES;
				CLANG_WARN_BLOCK_CAPTURE_AUTORELEASING = YES;
				CLANG_WARN_BOOL_CONVERSION = YES;
				CLANG_WARN_COMMA = YES;
				CLANG_WARN_CONSTANT_CONVERSION = YES;
				CLANG_WARN_DEPRECATED_OBJC_IMPLEMENTATIONS = YES;
				CLANG_WARN_DIRECT_OBJC_ISA_USAGE = YES_ERROR;
				CLANG_WARN_DOCUMENTATION_COMMENTS = YES;
				CLANG_WARN_EMPTY_BODY = YES;
				CLANG_WARN_ENUM_CONVERSION = YES;
				CLANG_WARN_INFINITE_RECURSION = YES;
				CLANG_WARN_INT_CONVERSION = YES;
				CLANG_WARN_NON_LITERAL_NULL_CONVERSION = YES;
				CLANG_WARN_OBJC_IMPLICIT_RETAIN_SELF = YES;
				CLANG_WARN_OBJC_LITERAL_CONVERSION = YES;
				CLANG_WARN_OBJC_ROOT_CLASS = YES_ERROR;
				CLANG_WARN_QUOTED_INCLUDE_IN_FRAMEWORK_HEADER = YES;
				CLANG_WARN_RANGE_LOOP_ANALYSIS = YES;
				CLANG_WARN_STRICT_PROTOTYPES = YES;
				CLANG_WARN_SUSPICIOUS_MOVE = YES;
				CLANG_WARN_UNGUARDED_AVAILABILITY = YES_AGGRESSIVE;
				CLANG_WARN_UNREACHABLE_CODE = YES;
				CLANG_WARN__DUPLICATE_METHOD_MATCH = YES;
				COPY_PHASE_STRIP = NO;
				CURRENT_PROJECT_VERSION = 1;
				DEAD_CODE_STRIPPING = YES;
				DEBUG_INFORMATION_FORMAT = dwarf;
				ENABLE_STRICT_OBJC_MSGSEND = YES;
				ENABLE_TESTABILITY = YES;
				ENABLE_USER_SCRIPT_SANDBOXING = YES;
				GCC_C_LANGUAGE_STANDARD = gnu17;
				GCC_DYNAMIC_NO_PIC = NO;
				GCC_NO_COMMON_BLOCKS = YES;
				GCC_OPTIMIZATION_LEVEL = 0;
				GCC_PREPROCESSOR_DEFINITIONS = (
					"DEBUG=1",
					"$(inherited)",
				);
				GCC_WARN_64_TO_32_BIT_CONVERSION = YES;
				GCC_WARN_ABOUT_RETURN_TYPE = YES_ERROR;
				GCC_WARN_UNDECLARED_SELECTOR = YES;
				GCC_WARN_UNINITIALIZED_AUTOS = YES_AGGRESSIVE;
				GCC_WARN_UNUSED_FUNCTION = YES;
				GCC_WARN_UNUSED_VARIABLE = YES;
				IPHONEOS_DEPLOYMENT_TARGET = 17.0;
				LOCALIZATION_PREFERS_STRING_CATALOGS = YES;
				MACOSX_DEPLOYMENT_TARGET = 14.0;
				MARKETING_VERSION = 1.0;
				MTL_ENABLE_DEBUG_INFO = INCLUDE_SOURCE;
				MTL_FAST_MATH = YES;
				ONLY_ACTIVE_ARCH = YES;
				SUPPORTED_PLATFORMS = "appletvos appletvsimulator iphoneos iphonesimulator macosx xros xrsimulator";
				SWIFT_ACTIVE_COMPILATION_CONDITIONS = "DEBUG $(inherited)";
				SWIFT_OPTIMIZATION_LEVEL = "-Onone";
				SWIFT_UPCOMING_FEATURE_EXISTENTIAL_ANY = YES;
				SWIFT_UPCOMING_FEATURE_INTERNAL_IMPORTS_BY_DEFAULT = YES;
				SWIFT_VERSION = 6.0;
				TARGETED_DEVICE_FAMILY = "1,2,3,7";
				TVOS_DEPLOYMENT_TARGET = 17.0;
				VERSIONING_SYSTEM = "apple-generic";
				WATCHOS_DEPLOYMENT_TARGET = 10.0;
				XROS_DEPLOYMENT_TARGET = 2.0;
			};
			name = Debug;
		};
		84952FEE2B18B1F90041241D /* Release */ = {
			isa = XCBuildConfiguration;
			buildSettings = {
				ALWAYS_SEARCH_USER_PATHS = NO;
				ASSETCATALOG_COMPILER_GENERATE_SWIFT_ASSET_SYMBOL_EXTENSIONS = YES;
				CLANG_ANALYZER_NONNULL = YES;
				CLANG_ANALYZER_NUMBER_OBJECT_CONVERSION = YES_AGGRESSIVE;
				CLANG_CXX_LANGUAGE_STANDARD = "gnu++20";
				CLANG_ENABLE_MODULES = YES;
				CLANG_ENABLE_OBJC_ARC = YES;
				CLANG_ENABLE_OBJC_WEAK = YES;
				CLANG_WARN_BLOCK_CAPTURE_AUTORELEASING = YES;
				CLANG_WARN_BOOL_CONVERSION = YES;
				CLANG_WARN_COMMA = YES;
				CLANG_WARN_CONSTANT_CONVERSION = YES;
				CLANG_WARN_DEPRECATED_OBJC_IMPLEMENTATIONS = YES;
				CLANG_WARN_DIRECT_OBJC_ISA_USAGE = YES_ERROR;
				CLANG_WARN_DOCUMENTATION_COMMENTS = YES;
				CLANG_WARN_EMPTY_BODY = YES;
				CLANG_WARN_ENUM_CONVERSION = YES;
				CLANG_WARN_INFINITE_RECURSION = YES;
				CLANG_WARN_INT_CONVERSION = YES;
				CLANG_WARN_NON_LITERAL_NULL_CONVERSION = YES;
				CLANG_WARN_OBJC_IMPLICIT_RETAIN_SELF = YES;
				CLANG_WARN_OBJC_LITERAL_CONVERSION = YES;
				CLANG_WARN_OBJC_ROOT_CLASS = YES_ERROR;
				CLANG_WARN_QUOTED_INCLUDE_IN_FRAMEWORK_HEADER = YES;
				CLANG_WARN_RANGE_LOOP_ANALYSIS = YES;
				CLANG_WARN_STRICT_PROTOTYPES = YES;
				CLANG_WARN_SUSPICIOUS_MOVE = YES;
				CLANG_WARN_UNGUARDED_AVAILABILITY = YES_AGGRESSIVE;
				CLANG_WARN_UNREACHABLE_CODE = YES;
				CLANG_WARN__DUPLICATE_METHOD_MATCH = YES;
				COPY_PHASE_STRIP = NO;
				CURRENT_PROJECT_VERSION = 1;
				DEAD_CODE_STRIPPING = YES;
				DEBUG_INFORMATION_FORMAT = "dwarf-with-dsym";
				ENABLE_NS_ASSERTIONS = NO;
				ENABLE_STRICT_OBJC_MSGSEND = YES;
				ENABLE_USER_SCRIPT_SANDBOXING = YES;
				GCC_C_LANGUAGE_STANDARD = gnu17;
				GCC_NO_COMMON_BLOCKS = YES;
				GCC_WARN_64_TO_32_BIT_CONVERSION = YES;
				GCC_WARN_ABOUT_RETURN_TYPE = YES_ERROR;
				GCC_WARN_UNDECLARED_SELECTOR = YES;
				GCC_WARN_UNINITIALIZED_AUTOS = YES_AGGRESSIVE;
				GCC_WARN_UNUSED_FUNCTION = YES;
				GCC_WARN_UNUSED_VARIABLE = YES;
				IPHONEOS_DEPLOYMENT_TARGET = 17.0;
				LOCALIZATION_PREFERS_STRING_CATALOGS = YES;
				MACOSX_DEPLOYMENT_TARGET = 14.0;
				MARKETING_VERSION = 1.0;
				MTL_ENABLE_DEBUG_INFO = NO;
				MTL_FAST_MATH = YES;
				SUPPORTED_PLATFORMS = "appletvos appletvsimulator iphoneos iphonesimulator macosx xros xrsimulator";
				SWIFT_COMPILATION_MODE = wholemodule;
				SWIFT_UPCOMING_FEATURE_EXISTENTIAL_ANY = YES;
				SWIFT_UPCOMING_FEATURE_INTERNAL_IMPORTS_BY_DEFAULT = YES;
				SWIFT_VERSION = 6.0;
				TARGETED_DEVICE_FAMILY = "1,2,3,7";
				TVOS_DEPLOYMENT_TARGET = 17.0;
				VERSIONING_SYSTEM = "apple-generic";
				WATCHOS_DEPLOYMENT_TARGET = 10.0;
				XROS_DEPLOYMENT_TARGET = 2.0;
			};
			name = Release;
		};
		84952FF02B18B1F90041241D /* Debug */ = {
			isa = XCBuildConfiguration;
			buildSettings = {
				ASSETCATALOG_COMPILER_APPICON_NAME = AppIcon;
				ASSETCATALOG_COMPILER_GLOBAL_ACCENT_COLOR_NAME = AccentColor;
				CODE_SIGN_ENTITLEMENTS = App/App.entitlements;
				CODE_SIGN_IDENTITY = "Apple Development";
				CODE_SIGN_STYLE = Automatic;
				DEAD_CODE_STRIPPING = YES;
				DEVELOPMENT_ASSET_PATHS = "\"App/Preview Content\"";
				DEVELOPMENT_TEAM = 346UN3W7D8;
				ENABLE_HARDENED_RUNTIME = YES;
				ENABLE_PREVIEWS = YES;
				GENERATE_INFOPLIST_FILE = YES;
				"INFOPLIST_KEY_UIApplicationSceneManifest_Generation[sdk=iphoneos*]" = YES;
				"INFOPLIST_KEY_UIApplicationSceneManifest_Generation[sdk=iphonesimulator*]" = YES;
				"INFOPLIST_KEY_UIApplicationSupportsIndirectInputEvents[sdk=iphoneos*]" = YES;
				"INFOPLIST_KEY_UIApplicationSupportsIndirectInputEvents[sdk=iphonesimulator*]" = YES;
				"INFOPLIST_KEY_UILaunchScreen_Generation[sdk=iphoneos*]" = YES;
				"INFOPLIST_KEY_UILaunchScreen_Generation[sdk=iphonesimulator*]" = YES;
				"INFOPLIST_KEY_UIStatusBarStyle[sdk=iphoneos*]" = UIStatusBarStyleDefault;
				"INFOPLIST_KEY_UIStatusBarStyle[sdk=iphonesimulator*]" = UIStatusBarStyleDefault;
				INFOPLIST_KEY_UISupportedInterfaceOrientations_iPad = "UIInterfaceOrientationPortrait UIInterfaceOrientationPortraitUpsideDown UIInterfaceOrientationLandscapeLeft UIInterfaceOrientationLandscapeRight";
				INFOPLIST_KEY_UISupportedInterfaceOrientations_iPhone = "UIInterfaceOrientationPortrait UIInterfaceOrientationLandscapeLeft UIInterfaceOrientationLandscapeRight";
				LD_RUNPATH_SEARCH_PATHS = "@executable_path/Frameworks";
				"LD_RUNPATH_SEARCH_PATHS[sdk=macosx*]" = "@executable_path/../Frameworks";
				PRODUCT_BUNDLE_IDENTIFIER = "dev.tunnicliff.REPLACE-ME";
				PRODUCT_NAME = "$(TARGET_NAME)";
				PROVISIONING_PROFILE_SPECIFIER = "";
				SDKROOT = auto;
				SUPPORTS_MACCATALYST = NO;
				SUPPORTS_MAC_DESIGNED_FOR_IPHONE_IPAD = NO;
				SWIFT_EMIT_LOC_STRINGS = YES;
			};
			name = Debug;
		};
		84952FF12B18B1F90041241D /* Release */ = {
			isa = XCBuildConfiguration;
			buildSettings = {
				ASSETCATALOG_COMPILER_APPICON_NAME = AppIcon;
				ASSETCATALOG_COMPILER_GLOBAL_ACCENT_COLOR_NAME = AccentColor;
				CODE_SIGN_ENTITLEMENTS = App/App.entitlements;
				CODE_SIGN_IDENTITY = "Apple Development";
				CODE_SIGN_STYLE = Automatic;
				DEAD_CODE_STRIPPING = YES;
				DEVELOPMENT_ASSET_PATHS = "\"App/Preview Content\"";
				DEVELOPMENT_TEAM = 346UN3W7D8;
				ENABLE_HARDENED_RUNTIME = YES;
				ENABLE_PREVIEWS = YES;
				GENERATE_INFOPLIST_FILE = YES;
				"INFOPLIST_KEY_UIApplicationSceneManifest_Generation[sdk=iphoneos*]" = YES;
				"INFOPLIST_KEY_UIApplicationSceneManifest_Generation[sdk=iphonesimulator*]" = YES;
				"INFOPLIST_KEY_UIApplicationSupportsIndirectInputEvents[sdk=iphoneos*]" = YES;
				"INFOPLIST_KEY_UIApplicationSupportsIndirectInputEvents[sdk=iphonesimulator*]" = YES;
				"INFOPLIST_KEY_UILaunchScreen_Generation[sdk=iphoneos*]" = YES;
				"INFOPLIST_KEY_UILaunchScreen_Generation[sdk=iphonesimulator*]" = YES;
				"INFOPLIST_KEY_UIStatusBarStyle[sdk=iphoneos*]" = UIStatusBarStyleDefault;
				"INFOPLIST_KEY_UIStatusBarStyle[sdk=iphonesimulator*]" = UIStatusBarStyleDefault;
				INFOPLIST_KEY_UISupportedInterfaceOrientations_iPad = "UIInterfaceOrientationPortrait UIInterfaceOrientationPortraitUpsideDown UIInterfaceOrientationLandscapeLeft UIInterfaceOrientationLandscapeRight";
				INFOPLIST_KEY_UISupportedInterfaceOrientations_iPhone = "UIInterfaceOrientationPortrait UIInterfaceOrientationLandscapeLeft UIInterfaceOrientationLandscapeRight";
				LD_RUNPATH_SEARCH_PATHS = "@executable_path/Frameworks";
				"LD_RUNPATH_SEARCH_PATHS[sdk=macosx*]" = "@executable_path/../Frameworks";
				PRODUCT_BUNDLE_IDENTIFIER = "dev.tunnicliff.REPLACE-ME";
				PRODUCT_NAME = "$(TARGET_NAME)";
				PROVISIONING_PROFILE_SPECIFIER = "";
				SDKROOT = auto;
				SUPPORTS_MACCATALYST = NO;
				SUPPORTS_MAC_DESIGNED_FOR_IPHONE_IPAD = NO;
				SWIFT_EMIT_LOC_STRINGS = YES;
			};
			name = Release;
		};
		84952FF32B18B1F90041241D /* Debug */ = {
			isa = XCBuildConfiguration;
			buildSettings = {
				BUNDLE_LOADER = "$(TEST_HOST)";
				CODE_SIGN_IDENTITY = "Apple Development";
				CODE_SIGN_STYLE = Automatic;
				CURRENT_PROJECT_VERSION = 1;
				DEAD_CODE_STRIPPING = YES;
				DEVELOPMENT_TEAM = 346UN3W7D8;
				GENERATE_INFOPLIST_FILE = YES;
				MARKETING_VERSION = 1.0;
				PRODUCT_BUNDLE_IDENTIFIER = dev.tunnicliff.AppTests;
				PRODUCT_NAME = "$(TARGET_NAME)";
				PROVISIONING_PROFILE_SPECIFIER = "";
				SDKROOT = auto;
				SWIFT_EMIT_LOC_STRINGS = NO;
				TEST_HOST = "$(BUILT_PRODUCTS_DIR)/App.app/$(BUNDLE_EXECUTABLE_FOLDER_PATH)/App";
			};
			name = Debug;
		};
		84952FF42B18B1F90041241D /* Release */ = {
			isa = XCBuildConfiguration;
			buildSettings = {
				BUNDLE_LOADER = "$(TEST_HOST)";
				CODE_SIGN_IDENTITY = "Apple Development";
				CODE_SIGN_STYLE = Automatic;
				CURRENT_PROJECT_VERSION = 1;
				DEAD_CODE_STRIPPING = YES;
				DEVELOPMENT_TEAM = 346UN3W7D8;
				GENERATE_INFOPLIST_FILE = YES;
				MARKETING_VERSION = 1.0;
				PRODUCT_BUNDLE_IDENTIFIER = dev.tunnicliff.AppTests;
				PRODUCT_NAME = "$(TARGET_NAME)";
				PROVISIONING_PROFILE_SPECIFIER = "";
				SDKROOT = auto;
				SWIFT_EMIT_LOC_STRINGS = NO;
				TEST_HOST = "$(BUILT_PRODUCTS_DIR)/App.app/$(BUNDLE_EXECUTABLE_FOLDER_PATH)/App";
			};
			name = Release;
		};
		84952FF62B18B1F90041241D /* Debug */ = {
			isa = XCBuildConfiguration;
			buildSettings = {
				CODE_SIGN_STYLE = Automatic;
				CURRENT_PROJECT_VERSION = 1;
				DEAD_CODE_STRIPPING = YES;
				DEVELOPMENT_TEAM = 346UN3W7D8;
				GENERATE_INFOPLIST_FILE = YES;
				MARKETING_VERSION = 1.0;
				PRODUCT_BUNDLE_IDENTIFIER = dev.tunnicliff.AppUITests;
				PRODUCT_NAME = "$(TARGET_NAME)";
				SDKROOT = auto;
				SWIFT_EMIT_LOC_STRINGS = NO;
				TEST_TARGET_NAME = App;
			};
			name = Debug;
		};
		84952FF72B18B1F90041241D /* Release */ = {
			isa = XCBuildConfiguration;
			buildSettings = {
				CODE_SIGN_STYLE = Automatic;
				CURRENT_PROJECT_VERSION = 1;
				DEAD_CODE_STRIPPING = YES;
				DEVELOPMENT_TEAM = 346UN3W7D8;
				GENERATE_INFOPLIST_FILE = YES;
				MARKETING_VERSION = 1.0;
				PRODUCT_BUNDLE_IDENTIFIER = dev.tunnicliff.AppUITests;
				PRODUCT_NAME = "$(TARGET_NAME)";
				SDKROOT = auto;
				SWIFT_EMIT_LOC_STRINGS = NO;
				TEST_TARGET_NAME = App;
			};
			name = Release;
		};
/* End XCBuildConfiguration section */

/* Begin XCConfigurationList section */
		84952FC52B18B1F80041241D /* Build configuration list for PBXProject "App" */ = {
			isa = XCConfigurationList;
			buildConfigurations = (
				84952FED2B18B1F90041241D /* Debug */,
				84952FEE2B18B1F90041241D /* Release */,
			);
			defaultConfigurationIsVisible = 0;
			defaultConfigurationName = Release;
		};
		84952FEF2B18B1F90041241D /* Build configuration list for PBXNativeTarget "App" */ = {
			isa = XCConfigurationList;
			buildConfigurations = (
				84952FF02B18B1F90041241D /* Debug */,
				84952FF12B18B1F90041241D /* Release */,
			);
			defaultConfigurationIsVisible = 0;
			defaultConfigurationName = Release;
		};
		84952FF22B18B1F90041241D /* Build configuration list for PBXNativeTarget "AppTests" */ = {
			isa = XCConfigurationList;
			buildConfigurations = (
				84952FF32B18B1F90041241D /* Debug */,
				84952FF42B18B1F90041241D /* Release */,
			);
			defaultConfigurationIsVisible = 0;
			defaultConfigurationName = Release;
		};
		84952FF52B18B1F90041241D /* Build configuration list for PBXNativeTarget "AppUITests" */ = {
			isa = XCConfigurationList;
			buildConfigurations = (
				84952FF62B18B1F90041241D /* Debug */,
				84952FF72B18B1F90041241D /* Release */,
			);
			defaultConfigurationIsVisible = 0;
			defaultConfigurationName = Release;
		};
/* End XCConfigurationList section */

/* Begin XCRemoteSwiftPackageReference section */
		84D214EA2B1DF3350041A14E /* XCRemoteSwiftPackageReference "swift-format-plugin" */ = {
			isa = XCRemoteSwiftPackageReference;
			repositoryURL = "https://github.com/Brent-Tunnicliff/swift-format-plugin";
			requirement = {
				kind = upToNextMajorVersion;
				minimumVersion = 2.0.0;
			};
		};
/* End XCRemoteSwiftPackageReference section */

/* Begin XCSwiftPackageProductDependency section */
		84A7B7912C9F2F3100E54AE4 /* LintBuildPlugin */ = {
			isa = XCSwiftPackageProductDependency;
			package = 84D214EA2B1DF3350041A14E /* XCRemoteSwiftPackageReference "swift-format-plugin" */;
			productName = "plugin:LintBuildPlugin";
		};
		84CB581E2D2C16E400F5FA00 /* LintBuildPlugin */ = {
			isa = XCSwiftPackageProductDependency;
			package = 84D214EA2B1DF3350041A14E /* XCRemoteSwiftPackageReference "swift-format-plugin" */;
			productName = "plugin:LintBuildPlugin";
		};
		84CB58202D2C16EC00F5FA00 /* LintBuildPlugin */ = {
			isa = XCSwiftPackageProductDependency;
			package = 84D214EA2B1DF3350041A14E /* XCRemoteSwiftPackageReference "swift-format-plugin" */;
			productName = "plugin:LintBuildPlugin";
		};
/* End XCSwiftPackageProductDependency section */
	};
	rootObject = 84952FC22B18B1F80041241D /* Project object */;
}
