{
  "originHash" : "b2d1b28bf81314e8ba88d0ee8018b2dbc8426a3c1b0c543252cc68ca2341c8cf",
  "pins" : [
    {
      "identity" : "swift-format-plugin",
      "kind" : "remoteSourceControl",
      "location" : "https://github.com/Brent-Tunnicliff/swift-format-plugin",
      "state" : {
        "revision" : "8dc2cebcb58e287f87b5292e519d0ca78ad5933c",
        "version" : "2.0.1"
      }
    }
  ],
  "version" : 3
}
